
Microsoft Visual Studio Solution File, Format Version 12.00
# Visual Studio Version 16
VisualStudioVersion = 16.0.29215.179
MinimumVisualStudioVersion = 10.0.40219.1
Project("{9A19103F-16F7-4668-BE54-9A1E7A4F7556}") = "WebRequestDemo", "WebRequestDemo\WebRequestDemo.csproj", "{73910400-4B3F-4D25-81AF-5B52E540D554}"
EndProject
Global
	GlobalSection(SolutionConfigurationPlatforms) = preSolution
		Debug|Any CPU = Debug|Any CPU
		Release|Any CPU = Release|Any CPU
	EndGlobalSection
	GlobalSection(ProjectConfigurationPlatforms) = postSolution
		{73910400-4B3F-4D25-81AF-5B52E540D554}.Debug|Any CPU.ActiveCfg = Debug|Any CPU
		{73910400-4B3F-4D25-81AF-5B52E540D554}.Debug|Any CPU.Build.0 = Debug|Any CPU
		{73910400-4B3F-4D25-81AF-5B52E540D554}.Release|Any CPU.ActiveCfg = Release|Any CPU
		{73910400-4B3F-4D25-81AF-5B52E540D554}.Release|Any CPU.Build.0 = Release|Any CPU
	EndGlobalSection
	GlobalSection(SolutionProperties) = preSolution
		HideSolutionNode = FALSE
	EndGlobalSection
	GlobalSection(ExtensibilityGlobals) = postSolution
		SolutionGuid = {41A1D3D7-2320-4A5F-AAE0-4927763C12EA}
	EndGlobalSection
EndGlobal
